// !$*UTF8*$!
{
	archiveVersion = 1;
	classes = {
	};
	objectVersion = 50;
	objects = {

/* Begin PBXBuildFile section */
		542F024322CA4160000FEF00 /* AppDelegate.swift in Sources */ = {isa = PBXBuildFile; fileRef = 542F024222CA4160000FEF00 /* AppDelegate.swift */; };
		542F024522CA4160000FEF00 /* SceneDelegate.swift in Sources */ = {isa = PBXBuildFile; fileRef = 542F024422CA4160000FEF00 /* SceneDelegate.swift */; };
		542F024722CA4160000FEF00 /* ViewController.swift in Sources */ = {isa = PBXBuildFile; fileRef = 542F024622CA4160000FEF00 /* ViewController.swift */; };
		542F024A22CA4160000FEF00 /* Main.storyboard in Resources */ = {isa = PBXBuildFile; fileRef = 542F024822CA4160000FEF00 /* Main.storyboard */; };
		542F024C22CA4161000FEF00 /* Assets.xcassets in Resources */ = {isa = PBXBuildFile; fileRef = 542F024B22CA4161000FEF00 /* Assets.xcassets */; };
		542F024F22CA4161000FEF00 /* LaunchScreen.storyboard in Resources */ = {isa = PBXBuildFile; fileRef = 542F024D22CA4161000FEF00 /* LaunchScreen.storyboard */; };
/* End PBXBuildFile section */

/* Begin PBXFileReference section */
		542F023F22CA4160000FEF00 /* ColumnsDemo.app */ = {isa = PBXFileReference; explicitFileType = wrapper.application; includeInIndex = 0; path = ColumnsDemo.app; sourceTree = BUILT_PRODUCTS_DIR; };
		542F024222CA4160000FEF00 /* AppDelegate.swift */ = {isa = PBXFileReference; lastKnownFileType = sourcecode.swift; path = AppDelegate.swift; sourceTree = "<group>"; };
		542F024422CA4160000FEF00 /* SceneDelegate.swift */ = {isa = PBXFileReference; lastKnownFileType = sourcecode.swift; path = SceneDelegate.swift; sourceTree = "<group>"; };
		542F024622CA4160000FEF00 /* ViewController.swift */ = {isa = PBXFileReference; lastKnownFileType = sourcecode.swift; path = ViewController.swift; sourceTree = "<group>"; };
		542F024922CA4160000FEF00 /* Base */ = {isa = PBXFileReference; lastKnownFileType = file.storyboard; name = Base; path = Base.lproj/Main.storyboard; sourceTree = "<group>"; };
		542F024B22CA4161000FEF00 /* Assets.xcassets */ = {isa = PBXFileReference; lastKnownFileType = folder.assetcatalog; path = Assets.xcassets; sourceTree = "<group>"; };
		542F024E22CA4161000FEF00 /* Base */ = {isa = PBXFileReference; lastKnownFileType = file.storyboard; name = Base; path = Base.lproj/LaunchScreen.storyboard; sourceTree = "<group>"; };
		542F025022CA4161000FEF00 /* Info.plist */ = {isa = PBXFileReference; lastKnownFileType = text.plist.xml; path = Info.plist; sourceTree = "<group>"; };
/* End PBXFileReference section */

/* Begin PBXFrameworksBuildPhase section */
		542F023C22CA4160000FEF00 /* Frameworks */ = {
			isa = PBXFrameworksBuildPhase;
			buildActionMask = 2147483647;
			files = (
			);
			runOnlyForDeploymentPostprocessing = 0;
		};
/* End PBXFrameworksBuildPhase section */

/* Begin PBXGroup section */
		542F023622CA4160000FEF00 = {
			isa = PBXGroup;
			children = (
				542F024122CA4160000FEF00 /* ColumnsDemo */,
				542F024022CA4160000FEF00 /* Products */,
			);
			sourceTree = "<group>";
		};
		542F024022CA4160000FEF00 /* Products */ = {
			isa = PBXGroup;
			children = (
				542F023F22CA4160000FEF00 /* ColumnsDemo.app */,
			);
			name = Products;
			sourceTree = "<group>";
		};
		542F024122CA4160000FEF00 /* ColumnsDemo */ = {
			isa = PBXGroup;
			children = (
				542F024222CA4160000FEF00 /* AppDelegate.swift */,
				542F024422CA4160000FEF00 /* SceneDelegate.swift */,
				542F024622CA4160000FEF00 /* ViewController.swift */,
				542F024822CA4160000FEF00 /* Main.storyboard */,
				542F024B22CA4161000FEF00 /* Assets.xcassets */,
				542F024D22CA4161000FEF00 /* LaunchScreen.storyboard */,
				542F025022CA4161000FEF00 /* Info.plist */,
			);
			path = ColumnsDemo;
			sourceTree = "<group>";
		};
/* End PBXGroup section */

/* Begin PBXNativeTarget section */
		542F023E22CA4160000FEF00 /* ColumnsDemo */ = {
			isa = PBXNativeTarget;
			buildConfigurationList = 542F025322CA4161000FEF00 /* Build configuration list for PBXNativeTarget "ColumnsDemo" */;
			buildPhases = (
				542F023B22CA4160000FEF00 /* Sources */,
				542F023C22CA4160000FEF00 /* Frameworks */,
				542F023D22CA4160000FEF00 /* Resources */,
			);
			buildRules = (
			);
			dependencies = (
			);
			name = ColumnsDemo;
			productName = ColumnsDemo;
			productReference = 542F023F22CA4160000FEF00 /* ColumnsDemo.app */;
			productType = "com.apple.product-type.application";
		};
/* End PBXNativeTarget section */

/* Begin PBXProject section */
		542F023722CA4160000FEF00 /* Project object */ = {
			isa = PBXProject;
			attributes = {
				LastSwiftUpdateCheck = 1100;
				LastUpgradeCheck = 1100;
				ORGANIZATIONNAME = "152 Percent Ltd";
				TargetAttributes = {
					542F023E22CA4160000FEF00 = {
						CreatedOnToolsVersion = 11.0;
					};
				};
			};
			buildConfigurationList = 542F023A22CA4160000FEF00 /* Build configuration list for PBXProject "ColumnsDemo" */;
			compatibilityVersion = "Xcode 9.3";
			developmentRegion = en;
			hasScannedForEncodings = 0;
			knownRegions = (
				en,
				Base,
			);
			mainGroup = 542F023622CA4160000FEF00;
			productRefGroup = 542F024022CA4160000FEF00 /* Products */;
			projectDirPath = "";
			projectRoot = "";
			targets = (
				542F023E22CA4160000FEF00 /* ColumnsDemo */,
			);
		};
/* End PBXProject section */

/* Begin PBXResourcesBuildPhase section */
		542F023D22CA4160000FEF00 /* Resources */ = {
			isa = PBXResourcesBuildPhase;
			buildActionMask = 2147483647;
			files = (
				542F024F22CA4161000FEF00 /* LaunchScreen.storyboard in Resources */,
				542F024C22CA4161000FEF00 /* Assets.xcassets in Resources */,
				542F024A22CA4160000FEF00 /* Main.storyboard in Resources */,
			);
			runOnlyForDeploymentPostprocessing = 0;
		};
/* End PBXResourcesBuildPhase section */

/* Begin PBXSourcesBuildPhase section */
		542F023B22CA4160000FEF00 /* Sources */ = {
			isa = PBXSourcesBuildPhase;
			buildActionMask = 2147483647;
			files = (
				542F024722CA4160000FEF00 /* ViewController.swift in Sources */,
				542F024322CA4160000FEF00 /* AppDelegate.swift in Sources */,
				542F024522CA4160000FEF00 /* SceneDelegate.swift in Sources */,
			);
			runOnlyForDeploymentPostprocessing = 0;
		};
/* End PBXSourcesBuildPhase section */

/* Begin PBXVariantGroup section */
		542F024822CA4160000FEF00 /* Main.storyboard */ = {
			isa = PBXVariantGroup;
			children = (
				542F024922CA4160000FEF00 /* Base */,
			);
			name = Main.storyboard;
			sourceTree = "<group>";
		};
		542F024D22CA4161000FEF00 /* LaunchScreen.storyboard */ = {
			isa = PBXVariantGroup;
			children = (
				542F024E22CA4161000FEF00 /* Base */,
			);
			name = LaunchScreen.storyboard;
			sourceTree = "<group>";
		};
/* End PBXVariantGroup section */

/* Begin XCBuildConfiguration section */
		542F025122CA4161000FEF00 /* Debug */ = {
			isa = XCBuildConfiguration;
			buildSettings = {
				ALWAYS_SEARCH_USER_PATHS = NO;
				CLANG_ANALYZER_NONNULL = YES;
				CLANG_ANALYZER_NUMBER_OBJECT_CONVERSION = YES_AGGRESSIVE;
				CLANG_CXX_LANGUAGE_STANDARD = "gnu++14";
				CLANG_CXX_LIBRARY = "libc++";
				CLANG_ENABLE_MODULES = YES;
				CLANG_ENABLE_OBJC_ARC = YES;
				CLANG_ENABLE_OBJC_WEAK = YES;
				CLANG_WARN_BLOCK_CAPTURE_AUTORELEASING = YES;
				CLANG_WARN_BOOL_CONVERSION = YES;
				CLANG_WARN_COMMA = YES;
				CLANG_WARN_CONSTANT_CONVERSION = YES;
				CLANG_WARN_DEPRECATED_OBJC_IMPLEMENTATIONS = YES;
				CLANG_WARN_DIRECT_OBJC_ISA_USAGE = YES_ERROR;
				CLANG_WARN_DOCUMENTATION_COMMENTS = YES;
				CLANG_WARN_EMPTY_BODY = YES;
				CLANG_WARN_ENUM_CONVERSION = YES;
				CLANG_WARN_INFINITE_RECURSION = YES;
				CLANG_WARN_INT_CONVERSION = YES;
				CLANG_WARN_NON_LITERAL_NULL_CONVERSION = YES;
				CLANG_WARN_OBJC_IMPLICIT_RETAIN_SELF = YES;
				CLANG_WARN_OBJC_LITERAL_CONVERSION = YES;
				CLANG_WARN_OBJC_ROOT_CLASS = YES_ERROR;
				CLANG_WARN_RANGE_LOOP_ANALYSIS = YES;
				CLANG_WARN_STRICT_PROTOTYPES = YES;
				CLANG_WARN_SUSPICIOUS_MOVE = YES;
				CLANG_WARN_UNGUARDED_AVAILABILITY = YES_AGGRESSIVE;
				CLANG_WARN_UNREACHABLE_CODE = YES;
				CLANG_WARN__DUPLICATE_METHOD_MATCH = YES;
				COPY_PHASE_STRIP = NO;
				DEBUG_INFORMATION_FORMAT = dwarf;
				ENABLE_STRICT_OBJC_MSGSEND = YES;
				ENABLE_TESTABILITY = YES;
				GCC_C_LANGUAGE_STANDARD = gnu11;
				GCC_DYNAMIC_NO_PIC = NO;
				GCC_NO_COMMON_BLOCKS = YES;
				GCC_OPTIMIZATION_LEVEL = 0;
				GCC_PREPROCESSOR_DEFINITIONS = (
					"DEBUG=1",
					"$(inherited)",
				);
				GCC_WARN_64_TO_32_BIT_CONVERSION = YES;
				GCC_WARN_ABOUT_RETURN_TYPE = YES_ERROR;
				GCC_WARN_UNDECLARED_SELECTOR = YES;
				GCC_WARN_UNINITIALIZED_AUTOS = YES_AGGRESSIVE;
				GCC_WARN_UNUSED_FUNCTION = YES;
				GCC_WARN_UNUSED_VARIABLE = YES;
				IPHONEOS_DEPLOYMENT_TARGET = 13.0;
				MTL_ENABLE_DEBUG_INFO = INCLUDE_SOURCE;
				MTL_FAST_MATH = YES;
				ONLY_ACTIVE_ARCH = YES;
				SDKROOT = iphoneos;
				SWIFT_ACTIVE_COMPILATION_CONDITIONS = DEBUG;
				SWIFT_OPTIMIZATION_LEVEL = "-Onone";
			};
			name = Debug;
		};
		542F025222CA4161000FEF00 /* Release */ = {
			isa = XCBuildConfiguration;
			buildSettings = {
				ALWAYS_SEARCH_USER_PATHS = NO;
				CLANG_ANALYZER_NONNULL = YES;
				CLANG_ANALYZER_NUMBER_OBJECT_CONVERSION = YES_AGGRESSIVE;
				CLANG_CXX_LANGUAGE_STANDARD = "gnu++14";
				CLANG_CXX_LIBRARY = "libc++";
				CLANG_ENABLE_MODULES = YES;
				CLANG_ENABLE_OBJC_ARC = YES;
				CLANG_ENABLE_OBJC_WEAK = YES;
				CLANG_WARN_BLOCK_CAPTURE_AUTORELEASING = YES;
				CLANG_WARN_BOOL_CONVERSION = YES;
				CLANG_WARN_COMMA = YES;
				CLANG_WARN_CONSTANT_CONVERSION = YES;
				CLANG_WARN_DEPRECATED_OBJC_IMPLEMENTATIONS = YES;
				CLANG_WARN_DIRECT_OBJC_ISA_USAGE = YES_ERROR;
				CLANG_WARN_DOCUMENTATION_COMMENTS = YES;
				CLANG_WARN_EMPTY_BODY = YES;
				CLANG_WARN_ENUM_CONVERSION = YES;
				CLANG_WARN_INFINITE_RECURSION = YES;
				CLANG_WARN_INT_CONVERSION = YES;
				CLANG_WARN_NON_LITERAL_NULL_CONVERSION = YES;
				CLANG_WARN_OBJC_IMPLICIT_RETAIN_SELF = YES;
				CLANG_WARN_OBJC_LITERAL_CONVERSION = YES;
				CLANG_WARN_OBJC_ROOT_CLASS = YES_ERROR;
				CLANG_WARN_RANGE_LOOP_ANALYSIS = YES;
				CLANG_WARN_STRICT_PROTOTYPES = YES;
				CLANG_WARN_SUSPICIOUS_MOVE = YES;
				CLANG_WARN_UNGUARDED_AVAILABILITY = YES_AGGRESSIVE;
				CLANG_WARN_UNREACHABLE_CODE = YES;
				CLANG_WARN__DUPLICATE_METHOD_MATCH = YES;
				COPY_PHASE_STRIP = NO;
				DEBUG_INFORMATION_FORMAT = "dwarf-with-dsym";
				ENABLE_NS_ASSERTIONS = NO;
				ENABLE_STRICT_OBJC_MSGSEND = YES;
				GCC_C_LANGUAGE_STANDARD = gnu11;
				GCC_NO_COMMON_BLOCKS = YES;
				GCC_WARN_64_TO_32_BIT_CONVERSION = YES;
				GCC_WARN_ABOUT_RETURN_TYPE = YES_ERROR;
				GCC_WARN_UNDECLARED_SELECTOR = YES;
				GCC_WARN_UNINITIALIZED_AUTOS = YES_AGGRESSIVE;
				GCC_WARN_UNUSED_FUNCTION = YES;
				GCC_WARN_UNUSED_VARIABLE = YES;
				IPHONEOS_DEPLOYMENT_TARGET = 13.0;
				MTL_ENABLE_DEBUG_INFO = NO;
				MTL_FAST_MATH = YES;
				SDKROOT = iphoneos;
				SWIFT_COMPILATION_MODE = wholemodule;
				SWIFT_OPTIMIZATION_LEVEL = "-O";
				VALIDATE_PRODUCT = YES;
			};
			name = Release;
		};
		542F025422CA4161000FEF00 /* Debug */ = {
			isa = XCBuildConfiguration;
			buildSettings = {
				ASSETCATALOG_COMPILER_APPICON_NAME = AppIcon;
				CODE_SIGN_STYLE = Automatic;
				DEVELOPMENT_TEAM = V2CWYL9AN8;
				INFOPLIST_FILE = ColumnsDemo/Info.plist;
				LD_RUNPATH_SEARCH_PATHS = (
					"$(inherited)",
					"@executable_path/Frameworks",
				);
				PRODUCT_BUNDLE_IDENTIFIER = com.152percent.ColumnsDemo;
				PRODUCT_NAME = "$(TARGET_NAME)";
				SWIFT_VERSION = 5.0;
				TARGETED_DEVICE_FAMILY = "1,2";
			};
			name = Debug;
		};
		542F025522CA4161000FEF00 /* Release */ = {
			isa = XCBuildConfiguration;
			buildSettings = {
				ASSETCATALOG_COMPILER_APPICON_NAME = AppIcon;
				CODE_SIGN_STYLE = Automatic;
				DEVELOPMENT_TEAM = V2CWYL9AN8;
				INFOPLIST_FILE = ColumnsDemo/Info.plist;
				LD_RUNPATH_SEARCH_PATHS = (
					"$(inherited)",
					"@executable_path/Frameworks",
				);
				PRODUCT_BUNDLE_IDENTIFIER = com.152percent.ColumnsDemo;
				PRODUCT_NAME = "$(TARGET_NAME)";
				SWIFT_VERSION = 5.0;
				TARGETED_DEVICE_FAMILY = "1,2";
			};
			name = Release;
		};
/* End XCBuildConfiguration section */

/* Begin XCConfigurationList section */
		542F023A22CA4160000FEF00 /* Build configuration list for PBXProject "ColumnsDemo" */ = {
			isa = XCConfigurationList;
			buildConfigurations = (
				542F025122CA4161000FEF00 /* Debug */,
				542F025222CA4161000FEF00 /* Release */,
			);
			defaultConfigurationIsVisible = 0;
			defaultConfigurationName = Release;
		};
		542F025322CA4161000FEF00 /* Build configuration list for PBXNativeTarget "ColumnsDemo" */ = {
			isa = XCConfigurationList;
			buildConfigurations = (
				542F025422CA4161000FEF00 /* Debug */,
				542F025522CA4161000FEF00 /* Release */,
			);
			defaultConfigurationIsVisible = 0;
			defaultConfigurationName = Release;
		};
/* End XCConfigurationList section */
	};
	rootObject = 542F023722CA4160000FEF00 /* Project object */;
}
